
Microsoft Visual Studio Solution File, Format Version 12.00
# Visual Studio Express 2012 for Windows Desktop
Project("{8BC9CEB8-8B4A-11D0-8D11-00A0C91BC942}") = "n-test", "n-test.vcxproj", "{DD07A21A-C8CE-476D-B799-765FCB95571B}"
EndProject
Project("{8BC9CEB8-8B4A-11D0-8D11-00A0C91BC942}") = "n-test-sample", "sample\n-test-sample.vcxproj", "{1C88A2EC-5599-45F4-8F91-693AEB2BFFFF}"
EndProject
Global
	GlobalSection(SolutionConfigurationPlatforms) = preSolution
		Debug|Win32 = Debug|Win32
		Release|Win32 = Release|Win32
	EndGlobalSection
	GlobalSection(ProjectConfigurationPlatforms) = postSolution
		{DD07A21A-C8CE-476D-B799-765FCB95571B}.Debug|Win32.ActiveCfg = Debug|Win32
		{DD07A21A-C8CE-476D-B799-765FCB95571B}.Debug|Win32.Build.0 = Debug|Win32
		{DD07A21A-C8CE-476D-B799-765FCB95571B}.Release|Win32.ActiveCfg = Release|Win32
		{DD07A21A-C8CE-476D-B799-765FCB95571B}.Release|Win32.Build.0 = Release|Win32
		{1C88A2EC-5599-45F4-8F91-693AEB2BFFFF}.Debug|Win32.ActiveCfg = Debug|Win32
		{1C88A2EC-5599-45F4-8F91-693AEB2BFFFF}.Debug|Win32.Build.0 = Debug|Win32
		{1C88A2EC-5599-45F4-8F91-693AEB2BFFFF}.Release|Win32.ActiveCfg = Release|Win32
		{1C88A2EC-5599-45F4-8F91-693AEB2BFFFF}.Release|Win32.Build.0 = Release|Win32
	EndGlobalSection
	GlobalSection(SolutionProperties) = preSolution
		HideSolutionNode = FALSE
	EndGlobalSection
EndGlobal
